github.com/benbjohnson/clock v1.3.0 h1:ip6w0uFQkncKQ979AypyG0ER7mqUSBdKLOgAle/AT8A=
github.com/benbjohnson/clock v1.3.0/go.mod h1:J11/hYXuz8f4ySSvYwY0FKfm+ezbsZBKZxNJlLklBHA=
github.com/bobg/errors v0.10.0 h1:zlGq7hLqgaJILpwDmCDTnPvlvKI8M9Rh3uTRCuaMbiU=
github.com/bobg/errors v0.10.0/go.mod h1:lJenauJJF2tAdzEmND/wGVfA9kCChcj2p4KO/bNCz24=
github.com/bobg/go-generics v1.5.0 h1:BiVzUWzJKn6wMC3eAfwy3PctCQhwRUFaTncl0R57s74=
github.com/bobg/go-generics v1.5.0/go.mod h1:B7O5x+EeOyI02YDBuDi+Wv6Z3itw+BoRr318oQ2mbNY=
github.com/bobg/go-generics/v2 v2.1.1 h1:4rN9upY6Xm4TASSMeH+NzUghgO4h/SbNrQphIjRd/R0=
github.com/bobg/go-generics/v2 v2.1.1/go.mod h1:iPMSRVFlzkJSYOCXQ0n92RA3Vxw0RBv2E8j9ZODXgHk=
github.com/bobg/tsdecls v0.1.0 h1:zlYDnZZSLjVCIZMZu78PfZQ63VWZ9I6wKNXJjlv1XV4=
github.com/bobg/tsdecls v0.1.0/go.mod h1:C+D/p1UVhHCqFNMPffaNr+xGi9zhYqvF/u7qETNqLbs=
github.com/fatih/camelcase v1.0.0 h1:hxNvNX/xYBp0ovncs8WyWZrOrpBNub/JfaMvbURyft8=
github.com/fatih/camelcase v1.0.0/go.mod h1:yN2Sb0lFhZJUdVvtELVWefmrXpuZESvPmqwoZc+/fpc=
github.com/gibson042/canonicaljson-go v1.0.3 h1:EAyF8L74AWabkyUmrvEFHEt/AGFQeD6RfwbAuf0j1bI=
github.com/gibson042/canonicaljson-go v1.0.3/go.mod h1:DsLpJTThXyGNO+KZlI85C1/KDcImpP67k/RKVjcaEqo=
github.com/google/go-cmp v0.5.9 h1:O2Tfq5qg4qc4AmwVlvv0oLiVAGB7enBSJ2x2DqQFi38=
github.com/google/uuid v1.3.0 h1:t6JiXgmwXMjEs8VusXIJk2BXHsn+wx8BZdTaoZ5fu7I=
github.com/kballard/go-shellquote v0.0.0-20180428030007-95032a82bc51 h1:Z9n2FFNUXsshfwJMBgNA0RU6/i7WVaAegv3PtuIHPMs=
github.com/mattn/go-isatty v0.0.12 h1:wuysRhFDzyxgEmMf5xjvJ2M9dZoWAXNNr5LSBS7uHXY=
github.com/mattn/go-shellwords v1.0.12 h1:M2zGm7EW6UQJvDeQxo4T51eKPurbeFbe8WtebGE2xrk=
github.com/mattn/go-shellwords v1.0.12/go.mod h1:EZzvwXDESEeg03EKmM+RmDnNOPKG4lLtQsUlTZDWQ8Y=
github.com/mattn/go-sqlite3 v1.14.15 h1:vfoHhTN1af61xCRSWzFIWzx2YskyMTwHLrExkBOjvxI=
github.com/mattn/go-sqlite3 v1.14.15/go.mod h1:2eHXhiwb8IkHr+BDWZGa96P6+rkvnG63S2DGjv9HUNg=
github.com/otiai10/copy v1.7.0 h1:hVoPiN+t+7d2nzzwMiDHPSOogsWAStewq3TwU05+clE=
github.com/otiai10/copy v1.7.0/go.mod h1:rmRl6QPdJj6EiUqXQ/4Nn2lLXoNQjFCQbbNrxgc/t3U=
github.com/otiai10/curr v0.0.0-20150429015615-9b4961190c95/go.mod h1:9qAhocn7zKJG+0mI8eUu6xqkFDYS2kb2saOteoSB3cE=
github.com/otiai10/curr v1.0.0/go.mod h1:LskTG5wDwr8Rs+nNQ+1LlxRjAtTZZjtJW4rMXl6j4vs=
github.com/otiai10/mint v1.3.0/go.mod h1:F5AjcsTsWUqX+Na9fpHb52P8pcRX2CI6A3ctIT91xUo=
github.com/otiai10/mint v1.3.3 h1:7JgpsBaN0uMkyju4tbYHu0mnM55hNKVYLsXmwr15NQI=
github.com/otiai10/mint v1.3.3/go.mod h1:/yxELlJQ0ufhjUwhshSj+wFjZ78CnZ48/1wtmBH1OTc=
github.com/pkg/errors v0.9.1 h1:FEBLx1zS214owpjy7qsBeixbURkuhQAwrK5UwLGTwt4=
github.com/pkg/errors v0.9.1/go.mod h1:bwawxfHBFNV+L2hUp1rHADufV3IMtnDRdf1r5NINEl0=
github.com/pressly/goose/v3 v3.6.1 h1:DB7/eKhn98vWOz90OSXqMf4OwuKCdQ6GbvxhtjO4Uak=
github.com/pressly/goose/v3 v3.6.1/go.mod h1:fpaav/TpxygOn1+OAdzwswN2NbvadBOktQpiDOxewvY=
github.com/remyoudompheng/bigfft v0.0.0-20200410134404-eec4a21b6bb0 h1:OdAsTTz6OkFY5QxjkYwrChwuRruF69c169dPK26NUlk=
golang.org/x/exp v0.0.0-20230213192124-5e25df0256eb h1:PaBZQdo+iSDyHT053FjUCgZQ/9uqVwPOcl7KSWhKn6w=
golang.org/x/exp v0.0.0-20230213192124-5e25df0256eb/go.mod h1:CxIveKay+FTh1D0yPZemJVgC/95VzuuOLq5Qi4xnoYc=
golang.org/x/mod v0.6.0 h1:b9gGHsz9/HhJ3HF5DHQytPpuwocVTChQJK3AvoLRD5I=
golang.org/x/mod v0.6.0/go.mod h1:4mET923SAdbXp2ki8ey+zGs1SLqsuM2Y0uvdZR/fUNI=
golang.org/x/sync v0.0.0-20220819030929-7fc1605a5dde h1:ejfdSekXMDxDLbRrJMwUk6KnSLZ2McaUCVcIKM+N6jc=
golang.org/x/sync v0.0.0-20220819030929-7fc1605a5dde/go.mod h1:RxMgew5VJxzue5/jJTE5uejpjVlOe/izrB70Jof72aM=
golang.org/x/sys v0.1.0 h1:kunALQeHf1/185U1i0GOB/fy1IPRDDpuoOOqRReG57U=
golang.org/x/sys v0.1.0/go.mod h1:oPkhp1MJrh7nUepCBck5+mAzfO9JrbApNNgaTdGDITg=
golang.org/x/tools v0.2.0 h1:G6AHpWxTMGY1KyEYoAQ5WTtIekUUvDNjan3ugu60JvE=
golang.org/x/tools v0.2.0/go.mod h1:y4OqIKeOV/fWJetJ8bXPU1sEVniLMIyDAZWeHdV+NTA=
lukechampine.com/uint128 v1.1.1 h1:pnxCASz787iMf+02ssImqk6OLt+Z5QHMoZyUXR4z6JU=
modernc.org/cc/v3 v3.36.0 h1:0kmRkTmqNidmu3c7BNDSdVHCxXCkWLmWmCIVX4LUboo=
modernc.org/ccgo/v3 v3.16.6 h1:3l18poV+iUemQ98O3X5OMr97LOqlzis+ytivU4NqGhA=
modernc.org/libc v1.16.7 h1:qzQtHhsZNpVPpeCu+aMIQldXeV1P0vRhSqCL0nOIJOA=
modernc.org/mathutil v1.4.1 h1:ij3fYGe8zBF4Vu+g0oT7mB06r8sqGWKuJu1yXeR4by8=
modernc.org/memory v1.1.1 h1:bDOL0DIDLQv7bWhP3gMvIrnoFw+Eo6F7a2QK9HPDiFU=
modernc.org/opt v0.1.1 h1:/0RX92k9vwVeDXj+Xn23DKp2VJubL7k8qNffND6qn3A=
modernc.org/sqlite v1.17.3 h1:iE+coC5g17LtByDYDWKpR6m2Z9022YrSh3bumwOnIrI=
modernc.org/strutil v1.1.1 h1:xv+J1BXY3Opl2ALrBwyfEikFAj8pmqcpnfmuwUwcozs=
modernc.org/token v1.0.0 h1:a0jaWiNMDhDUtqOj09wvjWWAqd3q7WpBulmL9H2egsk=
